
Microsoft Visual Studio Solution File, Format Version 12.00
# Visual Studio 15
VisualStudioVersion = 15.0.28307.329
MinimumVisualStudioVersion = 10.0.40219.1
Project("{FAE04EC0-301F-11D3-BF4B-00C04F79EFBC}") = "PruebaXMS.BE", "PruebaXMS.BE\PruebaXMS.BE.csproj", "{576A3168-86D9-4144-BF2E-079D7FDE4711}"
EndProject
Project("{FAE04EC0-301F-11D3-BF4B-00C04F79EFBC}") = "PruebaXMS.BLL", "PruebaXMS.BLL\PruebaXMS.BLL.csproj", "{152C8FEA-99DF-4477-988E-3A20E38E8184}"
EndProject
Project("{FAE04EC0-301F-11D3-BF4B-00C04F79EFBC}") = "PruebaXMS.DAL", "PruebaXMS.DAL\PruebaXMS.DAL.csproj", "{CC458505-27AF-4503-B5AF-F612EF975A4F}"
EndProject
Project("{FAE04EC0-301F-11D3-BF4B-00C04F79EFBC}") = "PruebaXMS.CommonElement", "PruebaXMS.CommunElement\PruebaXMS.CommonElement.csproj", "{C565AD97-326E-4922-AECA-D389AF35CAED}"
EndProject
Project("{FAE04EC0-301F-11D3-BF4B-00C04F79EFBC}") = "PruebaXMS.UI.AngularJS", "PruebaXMS.UI.AngularJS\PruebaXMS.UI.AngularJS.csproj", "{1347792A-39AE-4ABB-B36F-3810EE56EEC0}"
EndProject
Project("{FAE04EC0-301F-11D3-BF4B-00C04F79EFBC}") = "PruebaXMS.UI.Angular7", "PruebaXMS.UI.Angular7\PruebaXMS.UI.Angular7.csproj", "{1D64911B-49D2-4509-8960-CC8B31F2A0A8}"
EndProject
Project("{FAE04EC0-301F-11D3-BF4B-00C04F79EFBC}") = "PruebaXMS.API", "PruebaXMS.API\PruebaXMS.API.csproj", "{8CC7F667-0FC7-46DC-BCDA-AAAAE86F8B3B}"
EndProject
Global
	GlobalSection(SolutionConfigurationPlatforms) = preSolution
		Debug|Any CPU = Debug|Any CPU
		Debug|ARM = Debug|ARM
		Debug|ARM64 = Debug|ARM64
		Debug|x64 = Debug|x64
		Debug|x86 = Debug|x86
		Release|Any CPU = Release|Any CPU
		Release|ARM = Release|ARM
		Release|ARM64 = Release|ARM64
		Release|x64 = Release|x64
		Release|x86 = Release|x86
	EndGlobalSection
	GlobalSection(ProjectConfigurationPlatforms) = postSolution
		{576A3168-86D9-4144-BF2E-079D7FDE4711}.Debug|Any CPU.ActiveCfg = Debug|Any CPU
		{576A3168-86D9-4144-BF2E-079D7FDE4711}.Debug|Any CPU.Build.0 = Debug|Any CPU
		{576A3168-86D9-4144-BF2E-079D7FDE4711}.Debug|ARM.ActiveCfg = Debug|Any CPU
		{576A3168-86D9-4144-BF2E-079D7FDE4711}.Debug|ARM.Build.0 = Debug|Any CPU
		{576A3168-86D9-4144-BF2E-079D7FDE4711}.Debug|ARM64.ActiveCfg = Debug|Any CPU
		{576A3168-86D9-4144-BF2E-079D7FDE4711}.Debug|ARM64.Build.0 = Debug|Any CPU
		{576A3168-86D9-4144-BF2E-079D7FDE4711}.Debug|x64.ActiveCfg = Debug|Any CPU
		{576A3168-86D9-4144-BF2E-079D7FDE4711}.Debug|x64.Build.0 = Debug|Any CPU
		{576A3168-86D9-4144-BF2E-079D7FDE4711}.Debug|x86.ActiveCfg = Debug|Any CPU
		{576A3168-86D9-4144-BF2E-079D7FDE4711}.Debug|x86.Build.0 = Debug|Any CPU
		{576A3168-86D9-4144-BF2E-079D7FDE4711}.Release|Any CPU.ActiveCfg = Release|Any CPU
		{576A3168-86D9-4144-BF2E-079D7FDE4711}.Release|Any CPU.Build.0 = Release|Any CPU
		{576A3168-86D9-4144-BF2E-079D7FDE4711}.Release|ARM.ActiveCfg = Release|Any CPU
		{576A3168-86D9-4144-BF2E-079D7FDE4711}.Release|ARM.Build.0 = Release|Any CPU
		{576A3168-86D9-4144-BF2E-079D7FDE4711}.Release|ARM64.ActiveCfg = Release|Any CPU
		{576A3168-86D9-4144-BF2E-079D7FDE4711}.Release|ARM64.Build.0 = Release|Any CPU
		{576A3168-86D9-4144-BF2E-079D7FDE4711}.Release|x64.ActiveCfg = Release|Any CPU
		{576A3168-86D9-4144-BF2E-079D7FDE4711}.Release|x64.Build.0 = Release|Any CPU
		{576A3168-86D9-4144-BF2E-079D7FDE4711}.Release|x86.ActiveCfg = Release|Any CPU
		{576A3168-86D9-4144-BF2E-079D7FDE4711}.Release|x86.Build.0 = Release|Any CPU
		{152C8FEA-99DF-4477-988E-3A20E38E8184}.Debug|Any CPU.ActiveCfg = Debug|Any CPU
		{152C8FEA-99DF-4477-988E-3A20E38E8184}.Debug|Any CPU.Build.0 = Debug|Any CPU
		{152C8FEA-99DF-4477-988E-3A20E38E8184}.Debug|ARM.ActiveCfg = Debug|Any CPU
		{152C8FEA-99DF-4477-988E-3A20E38E8184}.Debug|ARM.Build.0 = Debug|Any CPU
		{152C8FEA-99DF-4477-988E-3A20E38E8184}.Debug|ARM64.ActiveCfg = Debug|Any CPU
		{152C8FEA-99DF-4477-988E-3A20E38E8184}.Debug|ARM64.Build.0 = Debug|Any CPU
		{152C8FEA-99DF-4477-988E-3A20E38E8184}.Debug|x64.ActiveCfg = Debug|Any CPU
		{152C8FEA-99DF-4477-988E-3A20E38E8184}.Debug|x64.Build.0 = Debug|Any CPU
		{152C8FEA-99DF-4477-988E-3A20E38E8184}.Debug|x86.ActiveCfg = Debug|Any CPU
		{152C8FEA-99DF-4477-988E-3A20E38E8184}.Debug|x86.Build.0 = Debug|Any CPU
		{152C8FEA-99DF-4477-988E-3A20E38E8184}.Release|Any CPU.ActiveCfg = Release|Any CPU
		{152C8FEA-99DF-4477-988E-3A20E38E8184}.Release|Any CPU.Build.0 = Release|Any CPU
		{152C8FEA-99DF-4477-988E-3A20E38E8184}.Release|ARM.ActiveCfg = Release|Any CPU
		{152C8FEA-99DF-4477-988E-3A20E38E8184}.Release|ARM.Build.0 = Release|Any CPU
		{152C8FEA-99DF-4477-988E-3A20E38E8184}.Release|ARM64.ActiveCfg = Release|Any CPU
		{152C8FEA-99DF-4477-988E-3A20E38E8184}.Release|ARM64.Build.0 = Release|Any CPU
		{152C8FEA-99DF-4477-988E-3A20E38E8184}.Release|x64.ActiveCfg = Release|Any CPU
		{152C8FEA-99DF-4477-988E-3A20E38E8184}.Release|x64.Build.0 = Release|Any CPU
		{152C8FEA-99DF-4477-988E-3A20E38E8184}.Release|x86.ActiveCfg = Release|Any CPU
		{152C8FEA-99DF-4477-988E-3A20E38E8184}.Release|x86.Build.0 = Release|Any CPU
		{CC458505-27AF-4503-B5AF-F612EF975A4F}.Debug|Any CPU.ActiveCfg = Debug|Any CPU
		{CC458505-27AF-4503-B5AF-F612EF975A4F}.Debug|Any CPU.Build.0 = Debug|Any CPU
		{CC458505-27AF-4503-B5AF-F612EF975A4F}.Debug|ARM.ActiveCfg = Debug|Any CPU
		{CC458505-27AF-4503-B5AF-F612EF975A4F}.Debug|ARM.Build.0 = Debug|Any CPU
		{CC458505-27AF-4503-B5AF-F612EF975A4F}.Debug|ARM64.ActiveCfg = Debug|Any CPU
		{CC458505-27AF-4503-B5AF-F612EF975A4F}.Debug|ARM64.Build.0 = Debug|Any CPU
		{CC458505-27AF-4503-B5AF-F612EF975A4F}.Debug|x64.ActiveCfg = Debug|Any CPU
		{CC458505-27AF-4503-B5AF-F612EF975A4F}.Debug|x64.Build.0 = Debug|Any CPU
		{CC458505-27AF-4503-B5AF-F612EF975A4F}.Debug|x86.ActiveCfg = Debug|Any CPU
		{CC458505-27AF-4503-B5AF-F612EF975A4F}.Debug|x86.Build.0 = Debug|Any CPU
		{CC458505-27AF-4503-B5AF-F612EF975A4F}.Release|Any CPU.ActiveCfg = Release|Any CPU
		{CC458505-27AF-4503-B5AF-F612EF975A4F}.Release|Any CPU.Build.0 = Release|Any CPU
		{CC458505-27AF-4503-B5AF-F612EF975A4F}.Release|ARM.ActiveCfg = Release|Any CPU
		{CC458505-27AF-4503-B5AF-F612EF975A4F}.Release|ARM.Build.0 = Release|Any CPU
		{CC458505-27AF-4503-B5AF-F612EF975A4F}.Release|ARM64.ActiveCfg = Release|Any CPU
		{CC458505-27AF-4503-B5AF-F612EF975A4F}.Release|ARM64.Build.0 = Release|Any CPU
		{CC458505-27AF-4503-B5AF-F612EF975A4F}.Release|x64.ActiveCfg = Release|Any CPU
		{CC458505-27AF-4503-B5AF-F612EF975A4F}.Release|x64.Build.0 = Release|Any CPU
		{CC458505-27AF-4503-B5AF-F612EF975A4F}.Release|x86.ActiveCfg = Release|Any CPU
		{CC458505-27AF-4503-B5AF-F612EF975A4F}.Release|x86.Build.0 = Release|Any CPU
		{C565AD97-326E-4922-AECA-D389AF35CAED}.Debug|Any CPU.ActiveCfg = Debug|Any CPU
		{C565AD97-326E-4922-AECA-D389AF35CAED}.Debug|Any CPU.Build.0 = Debug|Any CPU
		{C565AD97-326E-4922-AECA-D389AF35CAED}.Debug|ARM.ActiveCfg = Debug|Any CPU
		{C565AD97-326E-4922-AECA-D389AF35CAED}.Debug|ARM.Build.0 = Debug|Any CPU
		{C565AD97-326E-4922-AECA-D389AF35CAED}.Debug|ARM64.ActiveCfg = Debug|Any CPU
		{C565AD97-326E-4922-AECA-D389AF35CAED}.Debug|ARM64.Build.0 = Debug|Any CPU
		{C565AD97-326E-4922-AECA-D389AF35CAED}.Debug|x64.ActiveCfg = Debug|Any CPU
		{C565AD97-326E-4922-AECA-D389AF35CAED}.Debug|x64.Build.0 = Debug|Any CPU
		{C565AD97-326E-4922-AECA-D389AF35CAED}.Debug|x86.ActiveCfg = Debug|Any CPU
		{C565AD97-326E-4922-AECA-D389AF35CAED}.Debug|x86.Build.0 = Debug|Any CPU
		{C565AD97-326E-4922-AECA-D389AF35CAED}.Release|Any CPU.ActiveCfg = Release|Any CPU
		{C565AD97-326E-4922-AECA-D389AF35CAED}.Release|Any CPU.Build.0 = Release|Any CPU
		{C565AD97-326E-4922-AECA-D389AF35CAED}.Release|ARM.ActiveCfg = Release|Any CPU
		{C565AD97-326E-4922-AECA-D389AF35CAED}.Release|ARM.Build.0 = Release|Any CPU
		{C565AD97-326E-4922-AECA-D389AF35CAED}.Release|ARM64.ActiveCfg = Release|Any CPU
		{C565AD97-326E-4922-AECA-D389AF35CAED}.Release|ARM64.Build.0 = Release|Any CPU
		{C565AD97-326E-4922-AECA-D389AF35CAED}.Release|x64.ActiveCfg = Release|Any CPU
		{C565AD97-326E-4922-AECA-D389AF35CAED}.Release|x64.Build.0 = Release|Any CPU
		{C565AD97-326E-4922-AECA-D389AF35CAED}.Release|x86.ActiveCfg = Release|Any CPU
		{C565AD97-326E-4922-AECA-D389AF35CAED}.Release|x86.Build.0 = Release|Any CPU
		{1347792A-39AE-4ABB-B36F-3810EE56EEC0}.Debug|Any CPU.ActiveCfg = Debug|Any CPU
		{1347792A-39AE-4ABB-B36F-3810EE56EEC0}.Debug|Any CPU.Build.0 = Debug|Any CPU
		{1347792A-39AE-4ABB-B36F-3810EE56EEC0}.Debug|ARM.ActiveCfg = Debug|Any CPU
		{1347792A-39AE-4ABB-B36F-3810EE56EEC0}.Debug|ARM.Build.0 = Debug|Any CPU
		{1347792A-39AE-4ABB-B36F-3810EE56EEC0}.Debug|ARM64.ActiveCfg = Debug|Any CPU
		{1347792A-39AE-4ABB-B36F-3810EE56EEC0}.Debug|ARM64.Build.0 = Debug|Any CPU
		{1347792A-39AE-4ABB-B36F-3810EE56EEC0}.Debug|x64.ActiveCfg = Debug|Any CPU
		{1347792A-39AE-4ABB-B36F-3810EE56EEC0}.Debug|x64.Build.0 = Debug|Any CPU
		{1347792A-39AE-4ABB-B36F-3810EE56EEC0}.Debug|x86.ActiveCfg = Debug|Any CPU
		{1347792A-39AE-4ABB-B36F-3810EE56EEC0}.Debug|x86.Build.0 = Debug|Any CPU
		{1347792A-39AE-4ABB-B36F-3810EE56EEC0}.Release|Any CPU.ActiveCfg = Release|Any CPU
		{1347792A-39AE-4ABB-B36F-3810EE56EEC0}.Release|Any CPU.Build.0 = Release|Any CPU
		{1347792A-39AE-4ABB-B36F-3810EE56EEC0}.Release|ARM.ActiveCfg = Release|Any CPU
		{1347792A-39AE-4ABB-B36F-3810EE56EEC0}.Release|ARM.Build.0 = Release|Any CPU
		{1347792A-39AE-4ABB-B36F-3810EE56EEC0}.Release|ARM64.ActiveCfg = Release|Any CPU
		{1347792A-39AE-4ABB-B36F-3810EE56EEC0}.Release|ARM64.Build.0 = Release|Any CPU
		{1347792A-39AE-4ABB-B36F-3810EE56EEC0}.Release|x64.ActiveCfg = Release|Any CPU
		{1347792A-39AE-4ABB-B36F-3810EE56EEC0}.Release|x64.Build.0 = Release|Any CPU
		{1347792A-39AE-4ABB-B36F-3810EE56EEC0}.Release|x86.ActiveCfg = Release|Any CPU
		{1347792A-39AE-4ABB-B36F-3810EE56EEC0}.Release|x86.Build.0 = Release|Any CPU
		{1D64911B-49D2-4509-8960-CC8B31F2A0A8}.Debug|Any CPU.ActiveCfg = Debug|Any CPU
		{1D64911B-49D2-4509-8960-CC8B31F2A0A8}.Debug|Any CPU.Build.0 = Debug|Any CPU
		{1D64911B-49D2-4509-8960-CC8B31F2A0A8}.Debug|ARM.ActiveCfg = Debug|Any CPU
		{1D64911B-49D2-4509-8960-CC8B31F2A0A8}.Debug|ARM.Build.0 = Debug|Any CPU
		{1D64911B-49D2-4509-8960-CC8B31F2A0A8}.Debug|ARM64.ActiveCfg = Debug|Any CPU
		{1D64911B-49D2-4509-8960-CC8B31F2A0A8}.Debug|ARM64.Build.0 = Debug|Any CPU
		{1D64911B-49D2-4509-8960-CC8B31F2A0A8}.Debug|x64.ActiveCfg = Debug|Any CPU
		{1D64911B-49D2-4509-8960-CC8B31F2A0A8}.Debug|x64.Build.0 = Debug|Any CPU
		{1D64911B-49D2-4509-8960-CC8B31F2A0A8}.Debug|x86.ActiveCfg = Debug|Any CPU
		{1D64911B-49D2-4509-8960-CC8B31F2A0A8}.Debug|x86.Build.0 = Debug|Any CPU
		{1D64911B-49D2-4509-8960-CC8B31F2A0A8}.Release|Any CPU.ActiveCfg = Release|Any CPU
		{1D64911B-49D2-4509-8960-CC8B31F2A0A8}.Release|Any CPU.Build.0 = Release|Any CPU
		{1D64911B-49D2-4509-8960-CC8B31F2A0A8}.Release|ARM.ActiveCfg = Release|Any CPU
		{1D64911B-49D2-4509-8960-CC8B31F2A0A8}.Release|ARM.Build.0 = Release|Any CPU
		{1D64911B-49D2-4509-8960-CC8B31F2A0A8}.Release|ARM64.ActiveCfg = Release|Any CPU
		{1D64911B-49D2-4509-8960-CC8B31F2A0A8}.Release|ARM64.Build.0 = Release|Any CPU
		{1D64911B-49D2-4509-8960-CC8B31F2A0A8}.Release|x64.ActiveCfg = Release|Any CPU
		{1D64911B-49D2-4509-8960-CC8B31F2A0A8}.Release|x64.Build.0 = Release|Any CPU
		{1D64911B-49D2-4509-8960-CC8B31F2A0A8}.Release|x86.ActiveCfg = Release|Any CPU
		{1D64911B-49D2-4509-8960-CC8B31F2A0A8}.Release|x86.Build.0 = Release|Any CPU
		{8CC7F667-0FC7-46DC-BCDA-AAAAE86F8B3B}.Debug|Any CPU.ActiveCfg = Debug|Any CPU
		{8CC7F667-0FC7-46DC-BCDA-AAAAE86F8B3B}.Debug|Any CPU.Build.0 = Debug|Any CPU
		{8CC7F667-0FC7-46DC-BCDA-AAAAE86F8B3B}.Debug|ARM.ActiveCfg = Debug|Any CPU
		{8CC7F667-0FC7-46DC-BCDA-AAAAE86F8B3B}.Debug|ARM.Build.0 = Debug|Any CPU
		{8CC7F667-0FC7-46DC-BCDA-AAAAE86F8B3B}.Debug|ARM64.ActiveCfg = Debug|Any CPU
		{8CC7F667-0FC7-46DC-BCDA-AAAAE86F8B3B}.Debug|ARM64.Build.0 = Debug|Any CPU
		{8CC7F667-0FC7-46DC-BCDA-AAAAE86F8B3B}.Debug|x64.ActiveCfg = Debug|Any CPU
		{8CC7F667-0FC7-46DC-BCDA-AAAAE86F8B3B}.Debug|x64.Build.0 = Debug|Any CPU
		{8CC7F667-0FC7-46DC-BCDA-AAAAE86F8B3B}.Debug|x86.ActiveCfg = Debug|Any CPU
		{8CC7F667-0FC7-46DC-BCDA-AAAAE86F8B3B}.Debug|x86.Build.0 = Debug|Any CPU
		{8CC7F667-0FC7-46DC-BCDA-AAAAE86F8B3B}.Release|Any CPU.ActiveCfg = Release|Any CPU
		{8CC7F667-0FC7-46DC-BCDA-AAAAE86F8B3B}.Release|Any CPU.Build.0 = Release|Any CPU
		{8CC7F667-0FC7-46DC-BCDA-AAAAE86F8B3B}.Release|ARM.ActiveCfg = Release|Any CPU
		{8CC7F667-0FC7-46DC-BCDA-AAAAE86F8B3B}.Release|ARM.Build.0 = Release|Any CPU
		{8CC7F667-0FC7-46DC-BCDA-AAAAE86F8B3B}.Release|ARM64.ActiveCfg = Release|Any CPU
		{8CC7F667-0FC7-46DC-BCDA-AAAAE86F8B3B}.Release|ARM64.Build.0 = Release|Any CPU
		{8CC7F667-0FC7-46DC-BCDA-AAAAE86F8B3B}.Release|x64.ActiveCfg = Release|Any CPU
		{8CC7F667-0FC7-46DC-BCDA-AAAAE86F8B3B}.Release|x64.Build.0 = Release|Any CPU
		{8CC7F667-0FC7-46DC-BCDA-AAAAE86F8B3B}.Release|x86.ActiveCfg = Release|Any CPU
		{8CC7F667-0FC7-46DC-BCDA-AAAAE86F8B3B}.Release|x86.Build.0 = Release|Any CPU
	EndGlobalSection
	GlobalSection(SolutionProperties) = preSolution
		HideSolutionNode = FALSE
	EndGlobalSection
	GlobalSection(ExtensibilityGlobals) = postSolution
		SolutionGuid = {3E0F0284-768D-4807-8626-80D89AA95E07}
	EndGlobalSection
EndGlobal
